// !$*UTF8*$!
{
	archiveVersion = 1;
	classes = {
	};
	objectVersion = 46;
	objects = {

/* Begin PBXBuildFile section */
		B0034A981B80258D00F39704 /* AddressBook.framework in Frameworks */ = {isa = PBXBuildFile; fileRef = B0034A971B80258D00F39704 /* AddressBook.framework */; };
		B0034A9A1B80259500F39704 /* AssetsLibrary.framework in Frameworks */ = {isa = PBXBuildFile; fileRef = B0034A991B80259500F39704 /* AssetsLibrary.framework */; };
		B0034A9C1B8025A400F39704 /* CoreLocation.framework in Frameworks */ = {isa = PBXBuildFile; fileRef = B0034A9B1B8025A400F39704 /* CoreLocation.framework */; };
		B0034A9E1B8025AC00F39704 /* CoreMotion.framework in Frameworks */ = {isa = PBXBuildFile; fileRef = B0034A9D1B8025AC00F39704 /* CoreMotion.framework */; };
		B0034AA01B8025B400F39704 /* CoreGraphics.framework in Frameworks */ = {isa = PBXBuildFile; fileRef = B0034A9F1B8025B400F39704 /* CoreGraphics.framework */; };
		B0034AA21B8025BB00F39704 /* CoreText.framework in Frameworks */ = {isa = PBXBuildFile; fileRef = B0034AA11B8025BB00F39704 /* CoreText.framework */; };
		B0034AA41B8025C200F39704 /* MediaPlayer.framework in Frameworks */ = {isa = PBXBuildFile; fileRef = B0034AA31B8025C200F39704 /* MediaPlayer.framework */; };
		B0034AA61B8025CD00F39704 /* Security.framework in Frameworks */ = {isa = PBXBuildFile; fileRef = B0034AA51B8025CD00F39704 /* Security.framework */; };
		B0034AA81B8025D600F39704 /* SystemConfiguration.framework in Frameworks */ = {isa = PBXBuildFile; fileRef = B0034AA71B8025D600F39704 /* SystemConfiguration.framework */; };
		B0034AAB1B80261E00F39704 /* GooglePlus.bundle in Resources */ = {isa = PBXBuildFile; fileRef = B0034AA91B80261E00F39704 /* GooglePlus.bundle */; };
		B0034AAC1B80261E00F39704 /* GooglePlus.framework in Frameworks */ = {isa = PBXBuildFile; fileRef = B0034AAA1B80261E00F39704 /* GooglePlus.framework */; };
		B0034AAF1B802A6800F39704 /* GoogleOpenSource.framework in Frameworks */ = {isa = PBXBuildFile; fileRef = B0034AAE1B802A6800F39704 /* GoogleOpenSource.framework */; };
		B0BCF86C1B7923370083AA31 /* AppDelegate.swift in Sources */ = {isa = PBXBuildFile; fileRef = B0BCF86B1B7923370083AA31 /* AppDelegate.swift */; };
		B0BCF86E1B7923370083AA31 /* ViewController.swift in Sources */ = {isa = PBXBuildFile; fileRef = B0BCF86D1B7923370083AA31 /* ViewController.swift */; };
		B0BCF8711B7923370083AA31 /* Main.storyboard in Resources */ = {isa = PBXBuildFile; fileRef = B0BCF86F1B7923370083AA31 /* Main.storyboard */; };
		B0BCF8731B7923370083AA31 /* Images.xcassets in Resources */ = {isa = PBXBuildFile; fileRef = B0BCF8721B7923370083AA31 /* Images.xcassets */; };
		B0BCF8761B7923370083AA31 /* LaunchScreen.xib in Resources */ = {isa = PBXBuildFile; fileRef = B0BCF8741B7923370083AA31 /* LaunchScreen.xib */; };
		B0BCF8821B7923370083AA31 /* YummyOctoMeowTests.swift in Sources */ = {isa = PBXBuildFile; fileRef = B0BCF8811B7923370083AA31 /* YummyOctoMeowTests.swift */; };
		B0BCF88C1B7924C70083AA31 /* Accounts.framework in Frameworks */ = {isa = PBXBuildFile; fileRef = B0BCF88B1B7924C70083AA31 /* Accounts.framework */; };
/* End PBXBuildFile section */

/* Begin PBXContainerItemProxy section */
		B0BCF87C1B7923370083AA31 /* PBXContainerItemProxy */ = {
			isa = PBXContainerItemProxy;
			containerPortal = B0BCF85E1B7923370083AA31 /* Project object */;
			proxyType = 1;
			remoteGlobalIDString = B0BCF8651B7923370083AA31;
			remoteInfo = YummyOctoMeow;
		};
/* End PBXContainerItemProxy section */

/* Begin PBXFileReference section */
		B0034A971B80258D00F39704 /* AddressBook.framework */ = {isa = PBXFileReference; lastKnownFileType = wrapper.framework; name = AddressBook.framework; path = System/Library/Frameworks/AddressBook.framework; sourceTree = SDKROOT; };
		B0034A991B80259500F39704 /* AssetsLibrary.framework */ = {isa = PBXFileReference; lastKnownFileType = wrapper.framework; name = AssetsLibrary.framework; path = System/Library/Frameworks/AssetsLibrary.framework; sourceTree = SDKROOT; };
		B0034A9B1B8025A400F39704 /* CoreLocation.framework */ = {isa = PBXFileReference; lastKnownFileType = wrapper.framework; name = CoreLocation.framework; path = System/Library/Frameworks/CoreLocation.framework; sourceTree = SDKROOT; };
		B0034A9D1B8025AC00F39704 /* CoreMotion.framework */ = {isa = PBXFileReference; lastKnownFileType = wrapper.framework; name = CoreMotion.framework; path = System/Library/Frameworks/CoreMotion.framework; sourceTree = SDKROOT; };
		B0034A9F1B8025B400F39704 /* CoreGraphics.framework */ = {isa = PBXFileReference; lastKnownFileType = wrapper.framework; name = CoreGraphics.framework; path = System/Library/Frameworks/CoreGraphics.framework; sourceTree = SDKROOT; };
		B0034AA11B8025BB00F39704 /* CoreText.framework */ = {isa = PBXFileReference; lastKnownFileType = wrapper.framework; name = CoreText.framework; path = System/Library/Frameworks/CoreText.framework; sourceTree = SDKROOT; };
		B0034AA31B8025C200F39704 /* MediaPlayer.framework */ = {isa = PBXFileReference; lastKnownFileType = wrapper.framework; name = MediaPlayer.framework; path = System/Library/Frameworks/MediaPlayer.framework; sourceTree = SDKROOT; };
		B0034AA51B8025CD00F39704 /* Security.framework */ = {isa = PBXFileReference; lastKnownFileType = wrapper.framework; name = Security.framework; path = System/Library/Frameworks/Security.framework; sourceTree = SDKROOT; };
		B0034AA71B8025D600F39704 /* SystemConfiguration.framework */ = {isa = PBXFileReference; lastKnownFileType = wrapper.framework; name = SystemConfiguration.framework; path = System/Library/Frameworks/SystemConfiguration.framework; sourceTree = SDKROOT; };
		B0034AA91B80261E00F39704 /* GooglePlus.bundle */ = {isa = PBXFileReference; lastKnownFileType = "wrapper.plug-in"; path = GooglePlus.bundle; sourceTree = "<group>"; };
		B0034AAA1B80261E00F39704 /* GooglePlus.framework */ = {isa = PBXFileReference; lastKnownFileType = wrapper.framework; path = GooglePlus.framework; sourceTree = "<group>"; };
		B0034AAE1B802A6800F39704 /* GoogleOpenSource.framework */ = {isa = PBXFileReference; lastKnownFileType = wrapper.framework; path = GoogleOpenSource.framework; sourceTree = "<group>"; };
		B0034AB01B802B3E00F39704 /* YummyOctoMeow-Bridging-Header.h */ = {isa = PBXFileReference; lastKnownFileType = sourcecode.c.h; path = "YummyOctoMeow-Bridging-Header.h"; sourceTree = SOURCE_ROOT; };
		B0BCF8661B7923370083AA31 /* YummyOctoMeow.app */ = {isa = PBXFileReference; explicitFileType = wrapper.application; includeInIndex = 0; path = YummyOctoMeow.app; sourceTree = BUILT_PRODUCTS_DIR; };
		B0BCF86A1B7923370083AA31 /* Info.plist */ = {isa = PBXFileReference; lastKnownFileType = text.plist.xml; path = Info.plist; sourceTree = "<group>"; };
		B0BCF86B1B7923370083AA31 /* AppDelegate.swift */ = {isa = PBXFileReference; lastKnownFileType = sourcecode.swift; path = AppDelegate.swift; sourceTree = "<group>"; };
		B0BCF86D1B7923370083AA31 /* ViewController.swift */ = {isa = PBXFileReference; lastKnownFileType = sourcecode.swift; path = ViewController.swift; sourceTree = "<group>"; };
		B0BCF8701B7923370083AA31 /* Base */ = {isa = PBXFileReference; lastKnownFileType = file.storyboard; name = Base; path = Base.lproj/Main.storyboard; sourceTree = "<group>"; };
		B0BCF8721B7923370083AA31 /* Images.xcassets */ = {isa = PBXFileReference; lastKnownFileType = folder.assetcatalog; path = Images.xcassets; sourceTree = "<group>"; };
		B0BCF8751B7923370083AA31 /* Base */ = {isa = PBXFileReference; lastKnownFileType = file.xib; name = Base; path = Base.lproj/LaunchScreen.xib; sourceTree = "<group>"; };
		B0BCF87B1B7923370083AA31 /* YummyOctoMeowTests.xctest */ = {isa = PBXFileReference; explicitFileType = wrapper.cfbundle; includeInIndex = 0; path = YummyOctoMeowTests.xctest; sourceTree = BUILT_PRODUCTS_DIR; };
		B0BCF8801B7923370083AA31 /* Info.plist */ = {isa = PBXFileReference; lastKnownFileType = text.plist.xml; path = Info.plist; sourceTree = "<group>"; };
		B0BCF8811B7923370083AA31 /* YummyOctoMeowTests.swift */ = {isa = PBXFileReference; lastKnownFileType = sourcecode.swift; path = YummyOctoMeowTests.swift; sourceTree = "<group>"; };
		B0BCF88B1B7924C70083AA31 /* Accounts.framework */ = {isa = PBXFileReference; lastKnownFileType = wrapper.framework; name = Accounts.framework; path = System/Library/Frameworks/Accounts.framework; sourceTree = SDKROOT; };
/* End PBXFileReference section */

/* Begin PBXFrameworksBuildPhase section */
		B0BCF8631B7923370083AA31 /* Frameworks */ = {
			isa = PBXFrameworksBuildPhase;
			buildActionMask = 2147483647;
			files = (
				B0034AA81B8025D600F39704 /* SystemConfiguration.framework in Frameworks */,
				B0034AA61B8025CD00F39704 /* Security.framework in Frameworks */,
				B0034AA41B8025C200F39704 /* MediaPlayer.framework in Frameworks */,
				B0034AA21B8025BB00F39704 /* CoreText.framework in Frameworks */,
				B0034AA01B8025B400F39704 /* CoreGraphics.framework in Frameworks */,
				B0034A9E1B8025AC00F39704 /* CoreMotion.framework in Frameworks */,
				B0034A9C1B8025A400F39704 /* CoreLocation.framework in Frameworks */,
				B0034A9A1B80259500F39704 /* AssetsLibrary.framework in Frameworks */,
				B0034A981B80258D00F39704 /* AddressBook.framework in Frameworks */,
				B0BCF88C1B7924C70083AA31 /* Accounts.framework in Frameworks */,
				B0034AAF1B802A6800F39704 /* GoogleOpenSource.framework in Frameworks */,
				B0034AAC1B80261E00F39704 /* GooglePlus.framework in Frameworks */,
			);
			runOnlyForDeploymentPostprocessing = 0;
		};
		B0BCF8781B7923370083AA31 /* Frameworks */ = {
			isa = PBXFrameworksBuildPhase;
			buildActionMask = 2147483647;
			files = (
			);
			runOnlyForDeploymentPostprocessing = 0;
		};
/* End PBXFrameworksBuildPhase section */

/* Begin PBXGroup section */
		B0BCF85D1B7923370083AA31 = {
			isa = PBXGroup;
			children = (
				B0034AAE1B802A6800F39704 /* GoogleOpenSource.framework */,
				B0034AA91B80261E00F39704 /* GooglePlus.bundle */,
				B0034AAA1B80261E00F39704 /* GooglePlus.framework */,
				B0034AA71B8025D600F39704 /* SystemConfiguration.framework */,
				B0034AA51B8025CD00F39704 /* Security.framework */,
				B0034AA31B8025C200F39704 /* MediaPlayer.framework */,
				B0034AA11B8025BB00F39704 /* CoreText.framework */,
				B0034A9F1B8025B400F39704 /* CoreGraphics.framework */,
				B0034A9D1B8025AC00F39704 /* CoreMotion.framework */,
				B0034A9B1B8025A400F39704 /* CoreLocation.framework */,
				B0034A991B80259500F39704 /* AssetsLibrary.framework */,
				B0034A971B80258D00F39704 /* AddressBook.framework */,
				B0BCF88B1B7924C70083AA31 /* Accounts.framework */,
				B0BCF8681B7923370083AA31 /* YummyOctoMeow */,
				B0BCF87E1B7923370083AA31 /* YummyOctoMeowTests */,
				B0BCF8671B7923370083AA31 /* Products */,
			);
			sourceTree = "<group>";
		};
		B0BCF8671B7923370083AA31 /* Products */ = {
			isa = PBXGroup;
			children = (
				B0BCF8661B7923370083AA31 /* YummyOctoMeow.app */,
				B0BCF87B1B7923370083AA31 /* YummyOctoMeowTests.xctest */,
			);
			name = Products;
			sourceTree = "<group>";
		};
		B0BCF8681B7923370083AA31 /* YummyOctoMeow */ = {
			isa = PBXGroup;
			children = (
				B0034AB01B802B3E00F39704 /* YummyOctoMeow-Bridging-Header.h */,
				B0BCF86B1B7923370083AA31 /* AppDelegate.swift */,
				B0BCF86D1B7923370083AA31 /* ViewController.swift */,
				B0BCF86F1B7923370083AA31 /* Main.storyboard */,
				B0BCF8721B7923370083AA31 /* Images.xcassets */,
				B0BCF8741B7923370083AA31 /* LaunchScreen.xib */,
				B0BCF8691B7923370083AA31 /* Supporting Files */,
			);
			path = YummyOctoMeow;
			sourceTree = "<group>";
		};
		B0BCF8691B7923370083AA31 /* Supporting Files */ = {
			isa = PBXGroup;
			children = (
				B0BCF86A1B7923370083AA31 /* Info.plist */,
			);
			name = "Supporting Files";
			sourceTree = "<group>";
		};
		B0BCF87E1B7923370083AA31 /* YummyOctoMeowTests */ = {
			isa = PBXGroup;
			children = (
				B0BCF8811B7923370083AA31 /* YummyOctoMeowTests.swift */,
				B0BCF87F1B7923370083AA31 /* Supporting Files */,
			);
			path = YummyOctoMeowTests;
			sourceTree = "<group>";
		};
		B0BCF87F1B7923370083AA31 /* Supporting Files */ = {
			isa = PBXGroup;
			children = (
				B0BCF8801B7923370083AA31 /* Info.plist */,
			);
			name = "Supporting Files";
			sourceTree = "<group>";
		};
/* End PBXGroup section */

/* Begin PBXNativeTarget section */
		B0BCF8651B7923370083AA31 /* YummyOctoMeow */ = {
			isa = PBXNativeTarget;
			buildConfigurationList = B0BCF8851B7923370083AA31 /* Build configuration list for PBXNativeTarget "YummyOctoMeow" */;
			buildPhases = (
				B0BCF8621B7923370083AA31 /* Sources */,
				B0BCF8631B7923370083AA31 /* Frameworks */,
				B0BCF8641B7923370083AA31 /* Resources */,
			);
			buildRules = (
			);
			dependencies = (
			);
			name = YummyOctoMeow;
			productName = YummyOctoMeow;
			productReference = B0BCF8661B7923370083AA31 /* YummyOctoMeow.app */;
			productType = "com.apple.product-type.application";
		};
		B0BCF87A1B7923370083AA31 /* YummyOctoMeowTests */ = {
			isa = PBXNativeTarget;
			buildConfigurationList = B0BCF8881B7923370083AA31 /* Build configuration list for PBXNativeTarget "YummyOctoMeowTests" */;
			buildPhases = (
				B0BCF8771B7923370083AA31 /* Sources */,
				B0BCF8781B7923370083AA31 /* Frameworks */,
				B0BCF8791B7923370083AA31 /* Resources */,
			);
			buildRules = (
			);
			dependencies = (
				B0BCF87D1B7923370083AA31 /* PBXTargetDependency */,
			);
			name = YummyOctoMeowTests;
			productName = YummyOctoMeowTests;
			productReference = B0BCF87B1B7923370083AA31 /* YummyOctoMeowTests.xctest */;
			productType = "com.apple.product-type.bundle.unit-test";
		};
/* End PBXNativeTarget section */

/* Begin PBXProject section */
		B0BCF85E1B7923370083AA31 /* Project object */ = {
			isa = PBXProject;
			attributes = {
				LastSwiftMigration = 0700;
				LastSwiftUpdateCheck = 0700;
				LastUpgradeCheck = 0640;
				ORGANIZATIONNAME = "Ariel Rodriguez";
				TargetAttributes = {
					B0BCF8651B7923370083AA31 = {
						CreatedOnToolsVersion = 6.4;
					};
					B0BCF87A1B7923370083AA31 = {
						CreatedOnToolsVersion = 6.4;
						TestTargetID = B0BCF8651B7923370083AA31;
					};
				};
			};
			buildConfigurationList = B0BCF8611B7923370083AA31 /* Build configuration list for PBXProject "YummyOctoMeow" */;
			compatibilityVersion = "Xcode 3.2";
			developmentRegion = English;
			hasScannedForEncodings = 0;
			knownRegions = (
				en,
				Base,
			);
			mainGroup = B0BCF85D1B7923370083AA31;
			productRefGroup = B0BCF8671B7923370083AA31 /* Products */;
			projectDirPath = "";
			projectRoot = "";
			targets = (
				B0BCF8651B7923370083AA31 /* YummyOctoMeow */,
				B0BCF87A1B7923370083AA31 /* YummyOctoMeowTests */,
			);
		};
/* End PBXProject section */

/* Begin PBXResourcesBuildPhase section */
		B0BCF8641B7923370083AA31 /* Resources */ = {
			isa = PBXResourcesBuildPhase;
			buildActionMask = 2147483647;
			files = (
				B0BCF8711B7923370083AA31 /* Main.storyboard in Resources */,
				B0BCF8761B7923370083AA31 /* LaunchScreen.xib in Resources */,
				B0034AAB1B80261E00F39704 /* GooglePlus.bundle in Resources */,
				B0BCF8731B7923370083AA31 /* Images.xcassets in Resources */,
			);
			runOnlyForDeploymentPostprocessing = 0;
		};
		B0BCF8791B7923370083AA31 /* Resources */ = {
			isa = PBXResourcesBuildPhase;
			buildActionMask = 2147483647;
			files = (
			);
			runOnlyForDeploymentPostprocessing = 0;
		};
/* End PBXResourcesBuildPhase section */

/* Begin PBXSourcesBuildPhase section */
		B0BCF8621B7923370083AA31 /* Sources */ = {
			isa = PBXSourcesBuildPhase;
			buildActionMask = 2147483647;
			files = (
				B0BCF86E1B7923370083AA31 /* ViewController.swift in Sources */,
				B0BCF86C1B7923370083AA31 /* AppDelegate.swift in Sources */,
			);
			runOnlyForDeploymentPostprocessing = 0;
		};
		B0BCF8771B7923370083AA31 /* Sources */ = {
			isa = PBXSourcesBuildPhase;
			buildActionMask = 2147483647;
			files = (
				B0BCF8821B7923370083AA31 /* YummyOctoMeowTests.swift in Sources */,
			);
			runOnlyForDeploymentPostprocessing = 0;
		};
/* End PBXSourcesBuildPhase section */

/* Begin PBXTargetDependency section */
		B0BCF87D1B7923370083AA31 /* PBXTargetDependency */ = {
			isa = PBXTargetDependency;
			target = B0BCF8651B7923370083AA31 /* YummyOctoMeow */;
			targetProxy = B0BCF87C1B7923370083AA31 /* PBXContainerItemProxy */;
		};
/* End PBXTargetDependency section */

/* Begin PBXVariantGroup section */
		B0BCF86F1B7923370083AA31 /* Main.storyboard */ = {
			isa = PBXVariantGroup;
			children = (
				B0BCF8701B7923370083AA31 /* Base */,
			);
			name = Main.storyboard;
			sourceTree = "<group>";
		};
		B0BCF8741B7923370083AA31 /* LaunchScreen.xib */ = {
			isa = PBXVariantGroup;
			children = (
				B0BCF8751B7923370083AA31 /* Base */,
			);
			name = LaunchScreen.xib;
			sourceTree = "<group>";
		};
/* End PBXVariantGroup section */

/* Begin XCBuildConfiguration section */
		B0BCF8831B7923370083AA31 /* Debug */ = {
			isa = XCBuildConfiguration;
			buildSettings = {
				ALWAYS_SEARCH_USER_PATHS = NO;
				CLANG_CXX_LANGUAGE_STANDARD = "gnu++0x";
				CLANG_CXX_LIBRARY = "libc++";
				CLANG_ENABLE_MODULES = YES;
				CLANG_ENABLE_OBJC_ARC = YES;
				CLANG_WARN_BOOL_CONVERSION = YES;
				CLANG_WARN_CONSTANT_CONVERSION = YES;
				CLANG_WARN_DIRECT_OBJC_ISA_USAGE = YES_ERROR;
				CLANG_WARN_EMPTY_BODY = YES;
				CLANG_WARN_ENUM_CONVERSION = YES;
				CLANG_WARN_INT_CONVERSION = YES;
				CLANG_WARN_OBJC_ROOT_CLASS = YES_ERROR;
				CLANG_WARN_UNREACHABLE_CODE = YES;
				CLANG_WARN__DUPLICATE_METHOD_MATCH = YES;
				"CODE_SIGN_IDENTITY[sdk=iphoneos*]" = "iPhone Developer";
				COPY_PHASE_STRIP = NO;
				DEBUG_INFORMATION_FORMAT = "dwarf-with-dsym";
				ENABLE_STRICT_OBJC_MSGSEND = YES;
				GCC_C_LANGUAGE_STANDARD = gnu99;
				GCC_DYNAMIC_NO_PIC = NO;
				GCC_NO_COMMON_BLOCKS = YES;
				GCC_OPTIMIZATION_LEVEL = 0;
				GCC_PREPROCESSOR_DEFINITIONS = (
					"DEBUG=1",
					"$(inherited)",
				);
				GCC_SYMBOLS_PRIVATE_EXTERN = NO;
				GCC_WARN_64_TO_32_BIT_CONVERSION = YES;
				GCC_WARN_ABOUT_RETURN_TYPE = YES_ERROR;
				GCC_WARN_UNDECLARED_SELECTOR = YES;
				GCC_WARN_UNINITIALIZED_AUTOS = YES_AGGRESSIVE;
				GCC_WARN_UNUSED_FUNCTION = YES;
				GCC_WARN_UNUSED_VARIABLE = YES;
				IPHONEOS_DEPLOYMENT_TARGET = 8.4;
				MTL_ENABLE_DEBUG_INFO = YES;
				ONLY_ACTIVE_ARCH = YES;
				SDKROOT = iphoneos;
				SWIFT_OPTIMIZATION_LEVEL = "-Onone";
			};
			name = Debug;
		};
		B0BCF8841B7923370083AA31 /* Release */ = {
			isa = XCBuildConfiguration;
			buildSettings = {
				ALWAYS_SEARCH_USER_PATHS = NO;
				CLANG_CXX_LANGUAGE_STANDARD = "gnu++0x";
				CLANG_CXX_LIBRARY = "libc++";
				CLANG_ENABLE_MODULES = YES;
				CLANG_ENABLE_OBJC_ARC = YES;
				CLANG_WARN_BOOL_CONVERSION = YES;
				CLANG_WARN_CONSTANT_CONVERSION = YES;
				CLANG_WARN_DIRECT_OBJC_ISA_USAGE = YES_ERROR;
				CLANG_WARN_EMPTY_BODY = YES;
				CLANG_WARN_ENUM_CONVERSION = YES;
				CLANG_WARN_INT_CONVERSION = YES;
				CLANG_WARN_OBJC_ROOT_CLASS = YES_ERROR;
				CLANG_WARN_UNREACHABLE_CODE = YES;
				CLANG_WARN__DUPLICATE_METHOD_MATCH = YES;
				"CODE_SIGN_IDENTITY[sdk=iphoneos*]" = "iPhone Developer";
				COPY_PHASE_STRIP = NO;
				DEBUG_INFORMATION_FORMAT = "dwarf-with-dsym";
				ENABLE_NS_ASSERTIONS = NO;
				ENABLE_STRICT_OBJC_MSGSEND = YES;
				GCC_C_LANGUAGE_STANDARD = gnu99;
				GCC_NO_COMMON_BLOCKS = YES;
				GCC_WARN_64_TO_32_BIT_CONVERSION = YES;
				GCC_WARN_ABOUT_RETURN_TYPE = YES_ERROR;
				GCC_WARN_UNDECLARED_SELECTOR = YES;
				GCC_WARN_UNINITIALIZED_AUTOS = YES_AGGRESSIVE;
				GCC_WARN_UNUSED_FUNCTION = YES;
				GCC_WARN_UNUSED_VARIABLE = YES;
				IPHONEOS_DEPLOYMENT_TARGET = 8.4;
				MTL_ENABLE_DEBUG_INFO = NO;
				SDKROOT = iphoneos;
				VALIDATE_PRODUCT = YES;
			};
			name = Release;
		};
		B0BCF8861B7923370083AA31 /* Debug */ = {
			isa = XCBuildConfiguration;
			buildSettings = {
				ASSETCATALOG_COMPILER_APPICON_NAME = AppIcon;
				FRAMEWORK_SEARCH_PATHS = (
					"$(inherited)",
					"$(PROJECT_DIR)",
				);
				INFOPLIST_FILE = YummyOctoMeow/Info.plist;
				LD_RUNPATH_SEARCH_PATHS = "$(inherited) @executable_path/Frameworks";
				OTHER_LDFLAGS = "-ObjC";
				PRODUCT_NAME = "$(TARGET_NAME)";
				SWIFT_OBJC_BRIDGING_HEADER = "YummyOctoMeow-Bridging-Header.h";
			};
			name = Debug;
		};
		B0BCF8871B7923370083AA31 /* Release */ = {
			isa = XCBuildConfiguration;
			buildSettings = {
				ASSETCATALOG_COMPILER_APPICON_NAME = AppIcon;
				FRAMEWORK_SEARCH_PATHS = (
					"$(inherited)",
					"$(PROJECT_DIR)",
				);
				INFOPLIST_FILE = YummyOctoMeow/Info.plist;
				LD_RUNPATH_SEARCH_PATHS = "$(inherited) @executable_path/Frameworks";
				OTHER_LDFLAGS = "-ObjC";
				PRODUCT_NAME = "$(TARGET_NAME)";
				SWIFT_OBJC_BRIDGING_HEADER = "YummyOctoMeow-Bridging-Header.h";
			};
			name = Release;
		};
		B0BCF8891B7923370083AA31 /* Debug */ = {
			isa = XCBuildConfiguration;
			buildSettings = {
				BUNDLE_LOADER = "$(TEST_HOST)";
				FRAMEWORK_SEARCH_PATHS = (
					"$(SDKROOT)/Developer/Library/Frameworks",
					"$(inherited)",
				);
				GCC_PREPROCESSOR_DEFINITIONS = (
					"DEBUG=1",
					"$(inherited)",
				);
				INFOPLIST_FILE = YummyOctoMeowTests/Info.plist;
				LD_RUNPATH_SEARCH_PATHS = "$(inherited) @executable_path/Frameworks @loader_path/Frameworks";
				PRODUCT_NAME = "$(TARGET_NAME)";
				TEST_HOST = "$(BUILT_PRODUCTS_DIR)/YummyOctoMeow.app/YummyOctoMeow";
			};
			name = Debug;
		};
		B0BCF88A1B7923370083AA31 /* Release */ = {
			isa = XCBuildConfiguration;
			buildSettings = {
				BUNDLE_LOADER = "$(TEST_HOST)";
				FRAMEWORK_SEARCH_PATHS = (
					"$(SDKROOT)/Developer/Library/Frameworks",
					"$(inherited)",
				);
				INFOPLIST_FILE = YummyOctoMeowTests/Info.plist;
				LD_RUNPATH_SEARCH_PATHS = "$(inherited) @executable_path/Frameworks @loader_path/Frameworks";
				PRODUCT_NAME = "$(TARGET_NAME)";
				TEST_HOST = "$(BUILT_PRODUCTS_DIR)/YummyOctoMeow.app/YummyOctoMeow";
			};
			name = Release;
		};
/* End XCBuildConfiguration section */

/* Begin XCConfigurationList section */
		B0BCF8611B7923370083AA31 /* Build configuration list for PBXProject "YummyOctoMeow" */ = {
			isa = XCConfigurationList;
			buildConfigurations = (
				B0BCF8831B7923370083AA31 /* Debug */,
				B0BCF8841B7923370083AA31 /* Release */,
			);
			defaultConfigurationIsVisible = 0;
			defaultConfigurationName = Release;
		};
		B0BCF8851B7923370083AA31 /* Build configuration list for PBXNativeTarget "YummyOctoMeow" */ = {
			isa = XCConfigurationList;
			buildConfigurations = (
				B0BCF8861B7923370083AA31 /* Debug */,
				B0BCF8871B7923370083AA31 /* Release */,
			);
			defaultConfigurationIsVisible = 0;
			defaultConfigurationName = Release;
		};
		B0BCF8881B7923370083AA31 /* Build configuration list for PBXNativeTarget "YummyOctoMeowTests" */ = {
			isa = XCConfigurationList;
			buildConfigurations = (
				B0BCF8891B7923370083AA31 /* Debug */,
				B0BCF88A1B7923370083AA31 /* Release */,
			);
			defaultConfigurationIsVisible = 0;
			defaultConfigurationName = Release;
		};
/* End XCConfigurationList section */
	};
	rootObject = B0BCF85E1B7923370083AA31 /* Project object */;
}
